
Microsoft Visual Studio Solution File, Format Version 12.00
# Visual Studio Version 16
VisualStudioVersion = 16.0.29519.87
MinimumVisualStudioVersion = 10.0.40219.1
Project("{FAE04EC0-301F-11D3-BF4B-00C04F79EFBC}") = "Ecommerce", "Ecommerce\Ecommerce.csproj", "{4388E539-4BC7-4540-840D-3179007A6F7C}"
EndProject
Global
	GlobalSection(SolutionConfigurationPlatforms) = preSolution
		Debug|Any CPU = Debug|Any CPU
		Release|Any CPU = Release|Any CPU
	EndGlobalSection
	GlobalSection(ProjectConfigurationPlatforms) = postSolution
		{4388E539-4BC7-4540-840D-3179007A6F7C}.Debug|Any CPU.ActiveCfg = Debug|Any CPU
		{4388E539-4BC7-4540-840D-3179007A6F7C}.Debug|Any CPU.Build.0 = Debug|Any CPU
		{4388E539-4BC7-4540-840D-3179007A6F7C}.Release|Any CPU.ActiveCfg = Release|Any CPU
		{4388E539-4BC7-4540-840D-3179007A6F7C}.Release|Any CPU.Build.0 = Release|Any CPU
	EndGlobalSection
	GlobalSection(SolutionProperties) = preSolution
		HideSolutionNode = FALSE
	EndGlobalSection
	GlobalSection(ExtensibilityGlobals) = postSolution
		SolutionGuid = {38D1804D-4CCC-4DD7-A980-228265A6144A}
	EndGlobalSection
EndGlobal
